# @generated - this file is auto-generated by `mise lock` https://mise.jdx.dev/dev-tools/mise-lock.html

[[tools.go]]
version = "1.22.12"
backend = "core:go"

[tools.go."platforms.linux-arm64"]
checksum = "sha256:fd017e647ec28525e86ae8203236e0653242722a7436929b1f775744e26278e7"
url = "https://dl.google.com/go/go1.22.12.linux-arm64.tar.gz"

[tools.go."platforms.linux-x64"]
checksum = "sha256:4fa4f869b0f7fc6bb1eb2660e74657fbf04cdd290b5aef905585c86051b34d43"
url = "https://dl.google.com/go/go1.22.12.linux-amd64.tar.gz"

[tools.go."platforms.macos-arm64"]
checksum = "sha256:416c35218edb9d20990b5d8fc87be655d8b39926f15524ea35c66ee70273050d"
url = "https://dl.google.com/go/go1.22.12.darwin-arm64.tar.gz"

[tools.go."platforms.macos-x64"]
checksum = "sha256:e7bbe07e96f0bd3df04225090fe1e7852ed33af37c43a23e16edbbb3b90a5b7c"
url = "https://dl.google.com/go/go1.22.12.darwin-amd64.tar.gz"

[tools.go."platforms.windows-x64"]
checksum = "sha256:2ceda04074eac51f4b0b85a9fcca38bcd49daee24bed9ea1f29958a8e22673a6"
url = "https://dl.google.com/go/go1.22.12.windows-amd64.zip"
