# @generated - this file is auto-generated by `mise lock` https://mise.jdx.dev/dev-tools/mise-lock.html

[[tools.go]]
version = "1.23.12"
backend = "core:go"

[tools.go."platforms.linux-arm64"]
checksum = "sha256:52ce172f96e21da53b1ae9079808560d49b02ac86cecfa457217597f9bc28ab3"
url = "https://dl.google.com/go/go1.23.12.linux-arm64.tar.gz"

[tools.go."platforms.linux-x64"]
checksum = "sha256:d3847fef834e9db11bf64e3fb34db9c04db14e068eeb064f49af747010454f90"
url = "https://dl.google.com/go/go1.23.12.linux-amd64.tar.gz"

[tools.go."platforms.macos-arm64"]
checksum = "sha256:5bfa117e401ae64e7ffb960243c448b535fe007e682a13ff6c7371f4a6f0ccaa"
url = "https://dl.google.com/go/go1.23.12.darwin-arm64.tar.gz"

[tools.go."platforms.macos-x64"]
checksum = "sha256:0f6efdc3ffc6f03b230016acca0aef43c229de022d0ff401e7aa4ad4862eca8e"
url = "https://dl.google.com/go/go1.23.12.darwin-amd64.tar.gz"

[tools.go."platforms.windows-x64"]
checksum = "sha256:07c35866cdd864b81bb6f1cfbf25ac7f87ddc3a976ede1bf5112acbb12dfe6dc"
url = "https://dl.google.com/go/go1.23.12.windows-amd64.zip"
