# @generated - this file is auto-generated by `mise lock` https://mise.jdx.dev/dev-tools/mise-lock.html

[[tools.go]]
version = "1.18.10"
backend = "core:go"

[tools.go."platforms.linux-arm64"]
checksum = "sha256:160497c583d4c7cbc1661230e68b758d01f741cf4bece67e48edc4fdd40ed92d"
url = "https://dl.google.com/go/go1.18.10.linux-arm64.tar.gz"

[tools.go."platforms.linux-x64"]
checksum = "sha256:5e05400e4c79ef5394424c0eff5b9141cb782da25f64f79d54c98af0a37f8d49"
url = "https://dl.google.com/go/go1.18.10.linux-amd64.tar.gz"

[tools.go."platforms.macos-arm64"]
checksum = "sha256:718b32cb2c1d203ba2c5e6d2fc3cf96a6952b38e389d94ff6cdb099eb959dade"
url = "https://dl.google.com/go/go1.18.10.darwin-arm64.tar.gz"

[tools.go."platforms.macos-x64"]
checksum = "sha256:5614904f2b0b546b1493f294122fea7d67b2fbfc2efe84b1ab560fb678502e1f"
url = "https://dl.google.com/go/go1.18.10.darwin-amd64.tar.gz"

[tools.go."platforms.windows-x64"]
checksum = "sha256:caf3fcc9d39371fc45ad46afad7f6d12b42433c7d7ac593ada6351cd39ee217d"
url = "https://dl.google.com/go/go1.18.10.windows-amd64.zip"
